// !$*UTF8*$!
{
	archiveVersion = 1;
	classes = {
	};
	objectVersion = 50;
	objects = {

/* Begin PBXBuildFile section */
		CC54447A21765C8C000AAAC1 /* AppDelegate.swift in Sources */ = {isa = PBXBuildFile; fileRef = CC54447921765C8C000AAAC1 /* AppDelegate.swift */; };
		CC54447C21765C8C000AAAC1 /* ViewController.swift in Sources */ = {isa = PBXBuildFile; fileRef = CC54447B21765C8C000AAAC1 /* ViewController.swift */; };
		CC54447F21765C8C000AAAC1 /* Main.storyboard in Resources */ = {isa = PBXBuildFile; fileRef = CC54447D21765C8C000AAAC1 /* Main.storyboard */; };
		CC54448121765C8D000AAAC1 /* Assets.xcassets in Resources */ = {isa = PBXBuildFile; fileRef = CC54448021765C8D000AAAC1 /* Assets.xcassets */; };
		CC54448421765C8D000AAAC1 /* LaunchScreen.storyboard in Resources */ = {isa = PBXBuildFile; fileRef = CC54448221765C8D000AAAC1 /* LaunchScreen.storyboard */; };
		CC54448F21765C8D000AAAC1 /* GitRepository3Tests.swift in Sources */ = {isa = PBXBuildFile; fileRef = CC54448E21765C8D000AAAC1 /* GitRepository3Tests.swift */; };
		CC54449A21765C8D000AAAC1 /* GitRepository3UITests.swift in Sources */ = {isa = PBXBuildFile; fileRef = CC54449921765C8D000AAAC1 /* GitRepository3UITests.swift */; };
/* End PBXBuildFile section */

/* Begin PBXContainerItemProxy section */
		CC54448B21765C8D000AAAC1 /* PBXContainerItemProxy */ = {
			isa = PBXContainerItemProxy;
			containerPortal = CC54446E21765C8C000AAAC1 /* Project object */;
			proxyType = 1;
			remoteGlobalIDString = CC54447521765C8C000AAAC1;
			remoteInfo = GitRepository3;
		};
		CC54449621765C8D000AAAC1 /* PBXContainerItemProxy */ = {
			isa = PBXContainerItemProxy;
			containerPortal = CC54446E21765C8C000AAAC1 /* Project object */;
			proxyType = 1;
			remoteGlobalIDString = CC54447521765C8C000AAAC1;
			remoteInfo = GitRepository3;
		};
/* End PBXContainerItemProxy section */

/* Begin PBXFileReference section */
		CC54447621765C8C000AAAC1 /* GitRepository3.app */ = {isa = PBXFileReference; explicitFileType = wrapper.application; includeInIndex = 0; path = GitRepository3.app; sourceTree = BUILT_PRODUCTS_DIR; };
		CC54447921765C8C000AAAC1 /* AppDelegate.swift */ = {isa = PBXFileReference; lastKnownFileType = sourcecode.swift; path = AppDelegate.swift; sourceTree = "<group>"; };
		CC54447B21765C8C000AAAC1 /* ViewController.swift */ = {isa = PBXFileReference; lastKnownFileType = sourcecode.swift; path = ViewController.swift; sourceTree = "<group>"; };
		CC54447E21765C8C000AAAC1 /* Base */ = {isa = PBXFileReference; lastKnownFileType = file.storyboard; name = Base; path = Base.lproj/Main.storyboard; sourceTree = "<group>"; };
		CC54448021765C8D000AAAC1 /* Assets.xcassets */ = {isa = PBXFileReference; lastKnownFileType = folder.assetcatalog; path = Assets.xcassets; sourceTree = "<group>"; };
		CC54448321765C8D000AAAC1 /* Base */ = {isa = PBXFileReference; lastKnownFileType = file.storyboard; name = Base; path = Base.lproj/LaunchScreen.storyboard; sourceTree = "<group>"; };
		CC54448521765C8D000AAAC1 /* Info.plist */ = {isa = PBXFileReference; lastKnownFileType = text.plist.xml; path = Info.plist; sourceTree = "<group>"; };
		CC54448A21765C8D000AAAC1 /* GitRepository3Tests.xctest */ = {isa = PBXFileReference; explicitFileType = wrapper.cfbundle; includeInIndex = 0; path = GitRepository3Tests.xctest; sourceTree = BUILT_PRODUCTS_DIR; };
		CC54448E21765C8D000AAAC1 /* GitRepository3Tests.swift */ = {isa = PBXFileReference; lastKnownFileType = sourcecode.swift; path = GitRepository3Tests.swift; sourceTree = "<group>"; };
		CC54449021765C8D000AAAC1 /* Info.plist */ = {isa = PBXFileReference; lastKnownFileType = text.plist.xml; path = Info.plist; sourceTree = "<group>"; };
		CC54449521765C8D000AAAC1 /* GitRepository3UITests.xctest */ = {isa = PBXFileReference; explicitFileType = wrapper.cfbundle; includeInIndex = 0; path = GitRepository3UITests.xctest; sourceTree = BUILT_PRODUCTS_DIR; };
		CC54449921765C8D000AAAC1 /* GitRepository3UITests.swift */ = {isa = PBXFileReference; lastKnownFileType = sourcecode.swift; path = GitRepository3UITests.swift; sourceTree = "<group>"; };
		CC54449B21765C8D000AAAC1 /* Info.plist */ = {isa = PBXFileReference; lastKnownFileType = text.plist.xml; path = Info.plist; sourceTree = "<group>"; };
/* End PBXFileReference section */

/* Begin PBXFrameworksBuildPhase section */
		CC54447321765C8C000AAAC1 /* Frameworks */ = {
			isa = PBXFrameworksBuildPhase;
			buildActionMask = 2147483647;
			files = (
			);
			runOnlyForDeploymentPostprocessing = 0;
		};
		CC54448721765C8D000AAAC1 /* Frameworks */ = {
			isa = PBXFrameworksBuildPhase;
			buildActionMask = 2147483647;
			files = (
			);
			runOnlyForDeploymentPostprocessing = 0;
		};
		CC54449221765C8D000AAAC1 /* Frameworks */ = {
			isa = PBXFrameworksBuildPhase;
			buildActionMask = 2147483647;
			files = (
			);
			runOnlyForDeploymentPostprocessing = 0;
		};
/* End PBXFrameworksBuildPhase section */

/* Begin PBXGroup section */
		CC54446D21765C8C000AAAC1 = {
			isa = PBXGroup;
			children = (
				CC54447821765C8C000AAAC1 /* GitRepository3 */,
				CC54448D21765C8D000AAAC1 /* GitRepository3Tests */,
				CC54449821765C8D000AAAC1 /* GitRepository3UITests */,
				CC54447721765C8C000AAAC1 /* Products */,
			);
			sourceTree = "<group>";
		};
		CC54447721765C8C000AAAC1 /* Products */ = {
			isa = PBXGroup;
			children = (
				CC54447621765C8C000AAAC1 /* GitRepository3.app */,
				CC54448A21765C8D000AAAC1 /* GitRepository3Tests.xctest */,
				CC54449521765C8D000AAAC1 /* GitRepository3UITests.xctest */,
			);
			name = Products;
			sourceTree = "<group>";
		};
		CC54447821765C8C000AAAC1 /* GitRepository3 */ = {
			isa = PBXGroup;
			children = (
				CC54447921765C8C000AAAC1 /* AppDelegate.swift */,
				CC54447B21765C8C000AAAC1 /* ViewController.swift */,
				CC54447D21765C8C000AAAC1 /* Main.storyboard */,
				CC54448021765C8D000AAAC1 /* Assets.xcassets */,
				CC54448221765C8D000AAAC1 /* LaunchScreen.storyboard */,
				CC54448521765C8D000AAAC1 /* Info.plist */,
			);
			path = GitRepository3;
			sourceTree = "<group>";
		};
		CC54448D21765C8D000AAAC1 /* GitRepository3Tests */ = {
			isa = PBXGroup;
			children = (
				CC54448E21765C8D000AAAC1 /* GitRepository3Tests.swift */,
				CC54449021765C8D000AAAC1 /* Info.plist */,
			);
			path = GitRepository3Tests;
			sourceTree = "<group>";
		};
		CC54449821765C8D000AAAC1 /* GitRepository3UITests */ = {
			isa = PBXGroup;
			children = (
				CC54449921765C8D000AAAC1 /* GitRepository3UITests.swift */,
				CC54449B21765C8D000AAAC1 /* Info.plist */,
			);
			path = GitRepository3UITests;
			sourceTree = "<group>";
		};
/* End PBXGroup section */

/* Begin PBXNativeTarget section */
		CC54447521765C8C000AAAC1 /* GitRepository3 */ = {
			isa = PBXNativeTarget;
			buildConfigurationList = CC54449E21765C8D000AAAC1 /* Build configuration list for PBXNativeTarget "GitRepository3" */;
			buildPhases = (
				CC54447221765C8C000AAAC1 /* Sources */,
				CC54447321765C8C000AAAC1 /* Frameworks */,
				CC54447421765C8C000AAAC1 /* Resources */,
			);
			buildRules = (
			);
			dependencies = (
			);
			name = GitRepository3;
			productName = GitRepository3;
			productReference = CC54447621765C8C000AAAC1 /* GitRepository3.app */;
			productType = "com.apple.product-type.application";
		};
		CC54448921765C8D000AAAC1 /* GitRepository3Tests */ = {
			isa = PBXNativeTarget;
			buildConfigurationList = CC5444A121765C8D000AAAC1 /* Build configuration list for PBXNativeTarget "GitRepository3Tests" */;
			buildPhases = (
				CC54448621765C8D000AAAC1 /* Sources */,
				CC54448721765C8D000AAAC1 /* Frameworks */,
				CC54448821765C8D000AAAC1 /* Resources */,
			);
			buildRules = (
			);
			dependencies = (
				CC54448C21765C8D000AAAC1 /* PBXTargetDependency */,
			);
			name = GitRepository3Tests;
			productName = GitRepository3Tests;
			productReference = CC54448A21765C8D000AAAC1 /* GitRepository3Tests.xctest */;
			productType = "com.apple.product-type.bundle.unit-test";
		};
		CC54449421765C8D000AAAC1 /* GitRepository3UITests */ = {
			isa = PBXNativeTarget;
			buildConfigurationList = CC5444A421765C8D000AAAC1 /* Build configuration list for PBXNativeTarget "GitRepository3UITests" */;
			buildPhases = (
				CC54449121765C8D000AAAC1 /* Sources */,
				CC54449221765C8D000AAAC1 /* Frameworks */,
				CC54449321765C8D000AAAC1 /* Resources */,
			);
			buildRules = (
			);
			dependencies = (
				CC54449721765C8D000AAAC1 /* PBXTargetDependency */,
			);
			name = GitRepository3UITests;
			productName = GitRepository3UITests;
			productReference = CC54449521765C8D000AAAC1 /* GitRepository3UITests.xctest */;
			productType = "com.apple.product-type.bundle.ui-testing";
		};
/* End PBXNativeTarget section */

/* Begin PBXProject section */
		CC54446E21765C8C000AAAC1 /* Project object */ = {
			isa = PBXProject;
			attributes = {
				LastSwiftUpdateCheck = 0940;
				LastUpgradeCheck = 0940;
				ORGANIZATIONNAME = "Ian Vilhena";
				TargetAttributes = {
					CC54447521765C8C000AAAC1 = {
						CreatedOnToolsVersion = 9.4.1;
					};
					CC54448921765C8D000AAAC1 = {
						CreatedOnToolsVersion = 9.4.1;
						TestTargetID = CC54447521765C8C000AAAC1;
					};
					CC54449421765C8D000AAAC1 = {
						CreatedOnToolsVersion = 9.4.1;
						TestTargetID = CC54447521765C8C000AAAC1;
					};
				};
			};
			buildConfigurationList = CC54447121765C8C000AAAC1 /* Build configuration list for PBXProject "GitRepository3" */;
			compatibilityVersion = "Xcode 9.3";
			developmentRegion = en;
			hasScannedForEncodings = 0;
			knownRegions = (
				en,
				Base,
			);
			mainGroup = CC54446D21765C8C000AAAC1;
			productRefGroup = CC54447721765C8C000AAAC1 /* Products */;
			projectDirPath = "";
			projectRoot = "";
			targets = (
				CC54447521765C8C000AAAC1 /* GitRepository3 */,
				CC54448921765C8D000AAAC1 /* GitRepository3Tests */,
				CC54449421765C8D000AAAC1 /* GitRepository3UITests */,
			);
		};
/* End PBXProject section */

/* Begin PBXResourcesBuildPhase section */
		CC54447421765C8C000AAAC1 /* Resources */ = {
			isa = PBXResourcesBuildPhase;
			buildActionMask = 2147483647;
			files = (
				CC54448421765C8D000AAAC1 /* LaunchScreen.storyboard in Resources */,
				CC54448121765C8D000AAAC1 /* Assets.xcassets in Resources */,
				CC54447F21765C8C000AAAC1 /* Main.storyboard in Resources */,
			);
			runOnlyForDeploymentPostprocessing = 0;
		};
		CC54448821765C8D000AAAC1 /* Resources */ = {
			isa = PBXResourcesBuildPhase;
			buildActionMask = 2147483647;
			files = (
			);
			runOnlyForDeploymentPostprocessing = 0;
		};
		CC54449321765C8D000AAAC1 /* Resources */ = {
			isa = PBXResourcesBuildPhase;
			buildActionMask = 2147483647;
			files = (
			);
			runOnlyForDeploymentPostprocessing = 0;
		};
/* End PBXResourcesBuildPhase section */

/* Begin PBXSourcesBuildPhase section */
		CC54447221765C8C000AAAC1 /* Sources */ = {
			isa = PBXSourcesBuildPhase;
			buildActionMask = 2147483647;
			files = (
				CC54447C21765C8C000AAAC1 /* ViewController.swift in Sources */,
				CC54447A21765C8C000AAAC1 /* AppDelegate.swift in Sources */,
			);
			runOnlyForDeploymentPostprocessing = 0;
		};
		CC54448621765C8D000AAAC1 /* Sources */ = {
			isa = PBXSourcesBuildPhase;
			buildActionMask = 2147483647;
			files = (
				CC54448F21765C8D000AAAC1 /* GitRepository3Tests.swift in Sources */,
			);
			runOnlyForDeploymentPostprocessing = 0;
		};
		CC54449121765C8D000AAAC1 /* Sources */ = {
			isa = PBXSourcesBuildPhase;
			buildActionMask = 2147483647;
			files = (
				CC54449A21765C8D000AAAC1 /* GitRepository3UITests.swift in Sources */,
			);
			runOnlyForDeploymentPostprocessing = 0;
		};
/* End PBXSourcesBuildPhase section */

/* Begin PBXTargetDependency section */
		CC54448C21765C8D000AAAC1 /* PBXTargetDependency */ = {
			isa = PBXTargetDependency;
			target = CC54447521765C8C000AAAC1 /* GitRepository3 */;
			targetProxy = CC54448B21765C8D000AAAC1 /* PBXContainerItemProxy */;
		};
		CC54449721765C8D000AAAC1 /* PBXTargetDependency */ = {
			isa = PBXTargetDependency;
			target = CC54447521765C8C000AAAC1 /* GitRepository3 */;
			targetProxy = CC54449621765C8D000AAAC1 /* PBXContainerItemProxy */;
		};
/* End PBXTargetDependency section */

/* Begin PBXVariantGroup section */
		CC54447D21765C8C000AAAC1 /* Main.storyboard */ = {
			isa = PBXVariantGroup;
			children = (
				CC54447E21765C8C000AAAC1 /* Base */,
			);
			name = Main.storyboard;
			sourceTree = "<group>";
		};
		CC54448221765C8D000AAAC1 /* LaunchScreen.storyboard */ = {
			isa = PBXVariantGroup;
			children = (
				CC54448321765C8D000AAAC1 /* Base */,
			);
			name = LaunchScreen.storyboard;
			sourceTree = "<group>";
		};
/* End PBXVariantGroup section */

/* Begin XCBuildConfiguration section */
		CC54449C21765C8D000AAAC1 /* Debug */ = {
			isa = XCBuildConfiguration;
			buildSettings = {
				ALWAYS_SEARCH_USER_PATHS = NO;
				CLANG_ANALYZER_NONNULL = YES;
				CLANG_ANALYZER_NUMBER_OBJECT_CONVERSION = YES_AGGRESSIVE;
				CLANG_CXX_LANGUAGE_STANDARD = "gnu++14";
				CLANG_CXX_LIBRARY = "libc++";
				CLANG_ENABLE_MODULES = YES;
				CLANG_ENABLE_OBJC_ARC = YES;
				CLANG_ENABLE_OBJC_WEAK = YES;
				CLANG_WARN_BLOCK_CAPTURE_AUTORELEASING = YES;
				CLANG_WARN_BOOL_CONVERSION = YES;
				CLANG_WARN_COMMA = YES;
				CLANG_WARN_CONSTANT_CONVERSION = YES;
				CLANG_WARN_DEPRECATED_OBJC_IMPLEMENTATIONS = YES;
				CLANG_WARN_DIRECT_OBJC_ISA_USAGE = YES_ERROR;
				CLANG_WARN_DOCUMENTATION_COMMENTS = YES;
				CLANG_WARN_EMPTY_BODY = YES;
				CLANG_WARN_ENUM_CONVERSION = YES;
				CLANG_WARN_INFINITE_RECURSION = YES;
				CLANG_WARN_INT_CONVERSION = YES;
				CLANG_WARN_NON_LITERAL_NULL_CONVERSION = YES;
				CLANG_WARN_OBJC_IMPLICIT_RETAIN_SELF = YES;
				CLANG_WARN_OBJC_LITERAL_CONVERSION = YES;
				CLANG_WARN_OBJC_ROOT_CLASS = YES_ERROR;
				CLANG_WARN_RANGE_LOOP_ANALYSIS = YES;
				CLANG_WARN_STRICT_PROTOTYPES = YES;
				CLANG_WARN_SUSPICIOUS_MOVE = YES;
				CLANG_WARN_UNGUARDED_AVAILABILITY = YES_AGGRESSIVE;
				CLANG_WARN_UNREACHABLE_CODE = YES;
				CLANG_WARN__DUPLICATE_METHOD_MATCH = YES;
				CODE_SIGN_IDENTITY = "iPhone Developer";
				COPY_PHASE_STRIP = NO;
				DEBUG_INFORMATION_FORMAT = dwarf;
				ENABLE_STRICT_OBJC_MSGSEND = YES;
				ENABLE_TESTABILITY = YES;
				GCC_C_LANGUAGE_STANDARD = gnu11;
				GCC_DYNAMIC_NO_PIC = NO;
				GCC_NO_COMMON_BLOCKS = YES;
				GCC_OPTIMIZATION_LEVEL = 0;
				GCC_PREPROCESSOR_DEFINITIONS = (
					"DEBUG=1",
					"$(inherited)",
				);
				GCC_WARN_64_TO_32_BIT_CONVERSION = YES;
				GCC_WARN_ABOUT_RETURN_TYPE = YES_ERROR;
				GCC_WARN_UNDECLARED_SELECTOR = YES;
				GCC_WARN_UNINITIALIZED_AUTOS = YES_AGGRESSIVE;
				GCC_WARN_UNUSED_FUNCTION = YES;
				GCC_WARN_UNUSED_VARIABLE = YES;
				IPHONEOS_DEPLOYMENT_TARGET = 11.4;
				MTL_ENABLE_DEBUG_INFO = YES;
				ONLY_ACTIVE_ARCH = YES;
				SDKROOT = iphoneos;
				SWIFT_ACTIVE_COMPILATION_CONDITIONS = DEBUG;
				SWIFT_OPTIMIZATION_LEVEL = "-Onone";
			};
			name = Debug;
		};
		CC54449D21765C8D000AAAC1 /* Release */ = {
			isa = XCBuildConfiguration;
			buildSettings = {
				ALWAYS_SEARCH_USER_PATHS = NO;
				CLANG_ANALYZER_NONNULL = YES;
				CLANG_ANALYZER_NUMBER_OBJECT_CONVERSION = YES_AGGRESSIVE;
				CLANG_CXX_LANGUAGE_STANDARD = "gnu++14";
				CLANG_CXX_LIBRARY = "libc++";
				CLANG_ENABLE_MODULES = YES;
				CLANG_ENABLE_OBJC_ARC = YES;
				CLANG_ENABLE_OBJC_WEAK = YES;
				CLANG_WARN_BLOCK_CAPTURE_AUTORELEASING = YES;
				CLANG_WARN_BOOL_CONVERSION = YES;
				CLANG_WARN_COMMA = YES;
				CLANG_WARN_CONSTANT_CONVERSION = YES;
				CLANG_WARN_DEPRECATED_OBJC_IMPLEMENTATIONS = YES;
				CLANG_WARN_DIRECT_OBJC_ISA_USAGE = YES_ERROR;
				CLANG_WARN_DOCUMENTATION_COMMENTS = YES;
				CLANG_WARN_EMPTY_BODY = YES;
				CLANG_WARN_ENUM_CONVERSION = YES;
				CLANG_WARN_INFINITE_RECURSION = YES;
				CLANG_WARN_INT_CONVERSION = YES;
				CLANG_WARN_NON_LITERAL_NULL_CONVERSION = YES;
				CLANG_WARN_OBJC_IMPLICIT_RETAIN_SELF = YES;
				CLANG_WARN_OBJC_LITERAL_CONVERSION = YES;
				CLANG_WARN_OBJC_ROOT_CLASS = YES_ERROR;
				CLANG_WARN_RANGE_LOOP_ANALYSIS = YES;
				CLANG_WARN_STRICT_PROTOTYPES = YES;
				CLANG_WARN_SUSPICIOUS_MOVE = YES;
				CLANG_WARN_UNGUARDED_AVAILABILITY = YES_AGGRESSIVE;
				CLANG_WARN_UNREACHABLE_CODE = YES;
				CLANG_WARN__DUPLICATE_METHOD_MATCH = YES;
				CODE_SIGN_IDENTITY = "iPhone Developer";
				COPY_PHASE_STRIP = NO;
				DEBUG_INFORMATION_FORMAT = "dwarf-with-dsym";
				ENABLE_NS_ASSERTIONS = NO;
				ENABLE_STRICT_OBJC_MSGSEND = YES;
				GCC_C_LANGUAGE_STANDARD = gnu11;
				GCC_NO_COMMON_BLOCKS = YES;
				GCC_WARN_64_TO_32_BIT_CONVERSION = YES;
				GCC_WARN_ABOUT_RETURN_TYPE = YES_ERROR;
				GCC_WARN_UNDECLARED_SELECTOR = YES;
				GCC_WARN_UNINITIALIZED_AUTOS = YES_AGGRESSIVE;
				GCC_WARN_UNUSED_FUNCTION = YES;
				GCC_WARN_UNUSED_VARIABLE = YES;
				IPHONEOS_DEPLOYMENT_TARGET = 11.4;
				MTL_ENABLE_DEBUG_INFO = NO;
				SDKROOT = iphoneos;
				SWIFT_COMPILATION_MODE = wholemodule;
				SWIFT_OPTIMIZATION_LEVEL = "-O";
				VALIDATE_PRODUCT = YES;
			};
			name = Release;
		};
		CC54449F21765C8D000AAAC1 /* Debug */ = {
			isa = XCBuildConfiguration;
			buildSettings = {
				ASSETCATALOG_COMPILER_APPICON_NAME = AppIcon;
				CODE_SIGN_STYLE = Automatic;
				INFOPLIST_FILE = GitRepository3/Info.plist;
				LD_RUNPATH_SEARCH_PATHS = (
					"$(inherited)",
					"@executable_path/Frameworks",
				);
				PRODUCT_BUNDLE_IDENTIFIER = Iteris.GitRepository3;
				PRODUCT_NAME = "$(TARGET_NAME)";
				SWIFT_VERSION = 4.0;
				TARGETED_DEVICE_FAMILY = "1,2";
			};
			name = Debug;
		};
		CC5444A021765C8D000AAAC1 /* Release */ = {
			isa = XCBuildConfiguration;
			buildSettings = {
				ASSETCATALOG_COMPILER_APPICON_NAME = AppIcon;
				CODE_SIGN_STYLE = Automatic;
				INFOPLIST_FILE = GitRepository3/Info.plist;
				LD_RUNPATH_SEARCH_PATHS = (
					"$(inherited)",
					"@executable_path/Frameworks",
				);
				PRODUCT_BUNDLE_IDENTIFIER = Iteris.GitRepository3;
				PRODUCT_NAME = "$(TARGET_NAME)";
				SWIFT_VERSION = 4.0;
				TARGETED_DEVICE_FAMILY = "1,2";
			};
			name = Release;
		};
		CC5444A221765C8D000AAAC1 /* Debug */ = {
			isa = XCBuildConfiguration;
			buildSettings = {
				ALWAYS_EMBED_SWIFT_STANDARD_LIBRARIES = YES;
				BUNDLE_LOADER = "$(TEST_HOST)";
				CODE_SIGN_STYLE = Automatic;
				INFOPLIST_FILE = GitRepository3Tests/Info.plist;
				LD_RUNPATH_SEARCH_PATHS = (
					"$(inherited)",
					"@executable_path/Frameworks",
					"@loader_path/Frameworks",
				);
				PRODUCT_BUNDLE_IDENTIFIER = Iteris.GitRepository3Tests;
				PRODUCT_NAME = "$(TARGET_NAME)";
				SWIFT_VERSION = 4.0;
				TARGETED_DEVICE_FAMILY = "1,2";
				TEST_HOST = "$(BUILT_PRODUCTS_DIR)/GitRepository3.app/GitRepository3";
			};
			name = Debug;
		};
		CC5444A321765C8D000AAAC1 /* Release */ = {
			isa = XCBuildConfiguration;
			buildSettings = {
				ALWAYS_EMBED_SWIFT_STANDARD_LIBRARIES = YES;
				BUNDLE_LOADER = "$(TEST_HOST)";
				CODE_SIGN_STYLE = Automatic;
				INFOPLIST_FILE = GitRepository3Tests/Info.plist;
				LD_RUNPATH_SEARCH_PATHS = (
					"$(inherited)",
					"@executable_path/Frameworks",
					"@loader_path/Frameworks",
				);
				PRODUCT_BUNDLE_IDENTIFIER = Iteris.GitRepository3Tests;
				PRODUCT_NAME = "$(TARGET_NAME)";
				SWIFT_VERSION = 4.0;
				TARGETED_DEVICE_FAMILY = "1,2";
				TEST_HOST = "$(BUILT_PRODUCTS_DIR)/GitRepository3.app/GitRepository3";
			};
			name = Release;
		};
		CC5444A521765C8D000AAAC1 /* Debug */ = {
			isa = XCBuildConfiguration;
			buildSettings = {
				ALWAYS_EMBED_SWIFT_STANDARD_LIBRARIES = YES;
				CODE_SIGN_STYLE = Automatic;
				INFOPLIST_FILE = GitRepository3UITests/Info.plist;
				LD_RUNPATH_SEARCH_PATHS = (
					"$(inherited)",
					"@executable_path/Frameworks",
					"@loader_path/Frameworks",
				);
				PRODUCT_BUNDLE_IDENTIFIER = Iteris.GitRepository3UITests;
				PRODUCT_NAME = "$(TARGET_NAME)";
				SWIFT_VERSION = 4.0;
				TARGETED_DEVICE_FAMILY = "1,2";
				TEST_TARGET_NAME = GitRepository3;
			};
			name = Debug;
		};
		CC5444A621765C8D000AAAC1 /* Release */ = {
			isa = XCBuildConfiguration;
			buildSettings = {
				ALWAYS_EMBED_SWIFT_STANDARD_LIBRARIES = YES;
				CODE_SIGN_STYLE = Automatic;
				INFOPLIST_FILE = GitRepository3UITests/Info.plist;
				LD_RUNPATH_SEARCH_PATHS = (
					"$(inherited)",
					"@executable_path/Frameworks",
					"@loader_path/Frameworks",
				);
				PRODUCT_BUNDLE_IDENTIFIER = Iteris.GitRepository3UITests;
				PRODUCT_NAME = "$(TARGET_NAME)";
				SWIFT_VERSION = 4.0;
				TARGETED_DEVICE_FAMILY = "1,2";
				TEST_TARGET_NAME = GitRepository3;
			};
			name = Release;
		};
/* End XCBuildConfiguration section */

/* Begin XCConfigurationList section */
		CC54447121765C8C000AAAC1 /* Build configuration list for PBXProject "GitRepository3" */ = {
			isa = XCConfigurationList;
			buildConfigurations = (
				CC54449C21765C8D000AAAC1 /* Debug */,
				CC54449D21765C8D000AAAC1 /* Release */,
			);
			defaultConfigurationIsVisible = 0;
			defaultConfigurationName = Release;
		};
		CC54449E21765C8D000AAAC1 /* Build configuration list for PBXNativeTarget "GitRepository3" */ = {
			isa = XCConfigurationList;
			buildConfigurations = (
				CC54449F21765C8D000AAAC1 /* Debug */,
				CC5444A021765C8D000AAAC1 /* Release */,
			);
			defaultConfigurationIsVisible = 0;
			defaultConfigurationName = Release;
		};
		CC5444A121765C8D000AAAC1 /* Build configuration list for PBXNativeTarget "GitRepository3Tests" */ = {
			isa = XCConfigurationList;
			buildConfigurations = (
				CC5444A221765C8D000AAAC1 /* Debug */,
				CC5444A321765C8D000AAAC1 /* Release */,
			);
			defaultConfigurationIsVisible = 0;
			defaultConfigurationName = Release;
		};
		CC5444A421765C8D000AAAC1 /* Build configuration list for PBXNativeTarget "GitRepository3UITests" */ = {
			isa = XCConfigurationList;
			buildConfigurations = (
				CC5444A521765C8D000AAAC1 /* Debug */,
				CC5444A621765C8D000AAAC1 /* Release */,
			);
			defaultConfigurationIsVisible = 0;
			defaultConfigurationName = Release;
		};
/* End XCConfigurationList section */
	};
	rootObject = CC54446E21765C8C000AAAC1 /* Project object */;
}
